
Microsoft Visual Studio Solution File, Format Version 12.00
# Visual Studio Version 17
VisualStudioVersion = 17.1.32414.318
MinimumVisualStudioVersion = 10.0.40219.1
Project("{FAE04EC0-301F-11D3-BF4B-00C04F79EFBC}") = "Fluxor.Forms", "Fluxor.Forms\Fluxor.Forms.csproj", "{4DA26050-A731-4A31-8E2F-011EA99F14F9}"
EndProject
Project("{FAE04EC0-301F-11D3-BF4B-00C04F79EFBC}") = "Fluxor.Forms.Samples.Server", "Fluxor.Forms.Samples.Server\Fluxor.Forms.Samples.Server.csproj", "{C155A868-FDF1-4ADF-B53A-CD151883379E}"
EndProject
Global
	GlobalSection(SolutionConfigurationPlatforms) = preSolution
		Debug|Any CPU = Debug|Any CPU
		Release|Any CPU = Release|Any CPU
	EndGlobalSection
	GlobalSection(ProjectConfigurationPlatforms) = postSolution
		{4DA26050-A731-4A31-8E2F-011EA99F14F9}.Debug|Any CPU.ActiveCfg = Debug|Any CPU
		{4DA26050-A731-4A31-8E2F-011EA99F14F9}.Debug|Any CPU.Build.0 = Debug|Any CPU
		{4DA26050-A731-4A31-8E2F-011EA99F14F9}.Release|Any CPU.ActiveCfg = Release|Any CPU
		{4DA26050-A731-4A31-8E2F-011EA99F14F9}.Release|Any CPU.Build.0 = Release|Any CPU
		{C155A868-FDF1-4ADF-B53A-CD151883379E}.Debug|Any CPU.ActiveCfg = Debug|Any CPU
		{C155A868-FDF1-4ADF-B53A-CD151883379E}.Debug|Any CPU.Build.0 = Debug|Any CPU
		{C155A868-FDF1-4ADF-B53A-CD151883379E}.Release|Any CPU.ActiveCfg = Release|Any CPU
		{C155A868-FDF1-4ADF-B53A-CD151883379E}.Release|Any CPU.Build.0 = Release|Any CPU
	EndGlobalSection
	GlobalSection(SolutionProperties) = preSolution
		HideSolutionNode = FALSE
	EndGlobalSection
	GlobalSection(ExtensibilityGlobals) = postSolution
		SolutionGuid = {E7E39F5F-09E5-40BC-811E-A47800FA7B91}
	EndGlobalSection
EndGlobal
